{
  "version": 4,
  "terraform_version": "1.5.7",
  "serial": 2768,
  "lineage": "01f64ed5-402f-4d9e-5a7d-6de438b0b1ab",
  "outputs": {
    "subnet_cidr_blocks": {
      "value": [
        "subnet-040bbff62a42554ca",
        "subnet-09c5ee0b83b5bea8f",
        "subnet-0c87f5de8de7f03cc"
      ],
      "type": [
        "tuple",
        [
          "string",
          "string",
          "string"
        ]
      ]
    }
  },
  "resources": [
    {
      "mode": "data",
      "type": "aws_iam_policy_document",
      "name": "efs_csi_driver",
      "provider": "provider[\"registry.terraform.io/hashicorp/aws\"]",
      "instances": [
        {
          "schema_version": 0,
          "attributes": {
            "id": "4237201756",
            "json": "{\n  \"Version\": \"2012-10-17\",\n  \"Statement\": [\n    {\n      \"Effect\": \"Allow\",\n      \"Action\": \"sts:AssumeRoleWithWebIdentity\",\n      \"Principal\": {\n        \"Federated\": \"arn:aws-us-gov:iam::133242069230:oidc-provider/oidc.eks.us-gov-west-1.amazonaws.com/id/8ADA678DFB4EA0511BB08282356F1251\"\n      },\n      \"Condition\": {\n        \"StringLike\": {\n          \"oidc.eks.us-gov-west-1.amazonaws.com/id/8ADA678DFB4EA0511BB08282356F1251:aud\": \"sts.amazonaws.com\",\n          \"oidc.eks.us-gov-west-1.amazonaws.com/id/8ADA678DFB4EA0511BB08282356F1251:sub\": \"system:serviceaccount:kube-system:efs-csi-*\"\n        }\n      }\n    }\n  ]\n}",
            "minified_json": "{\"Version\":\"2012-10-17\",\"Statement\":[{\"Effect\":\"Allow\",\"Action\":\"sts:AssumeRoleWithWebIdentity\",\"Principal\":{\"Federated\":\"arn:aws-us-gov:iam::133242069230:oidc-provider/oidc.eks.us-gov-west-1.amazonaws.com/id/8ADA678DFB4EA0511BB08282356F1251\"},\"Condition\":{\"StringLike\":{\"oidc.eks.us-gov-west-1.amazonaws.com/id/8ADA678DFB4EA0511BB08282356F1251:aud\":\"sts.amazonaws.com\",\"oidc.eks.us-gov-west-1.amazonaws.com/id/8ADA678DFB4EA0511BB08282356F1251:sub\":\"system:serviceaccount:kube-system:efs-csi-*\"}}}]}",
            "override_json": null,
            "override_policy_documents": null,
            "policy_id": null,
            "source_json": null,
            "source_policy_documents": null,
            "statement": [
              {
                "actions": [
                  "sts:AssumeRoleWithWebIdentity"
                ],
                "condition": [
                  {
                    "test": "StringLike",
                    "values": [
                      "sts.amazonaws.com"
                    ],
                    "variable": "oidc.eks.us-gov-west-1.amazonaws.com/id/8ADA678DFB4EA0511BB08282356F1251:aud"
                  },
                  {
                    "test": "StringLike",
                    "values": [
                      "system:serviceaccount:kube-system:efs-csi-*"
                    ],
                    "variable": "oidc.eks.us-gov-west-1.amazonaws.com/id/8ADA678DFB4EA0511BB08282356F1251:sub"
                  }
                ],
                "effect": "Allow",
                "not_actions": [],
                "not_principals": [],
                "not_resources": [],
                "principals": [
                  {
                    "identifiers": [
                      "arn:aws-us-gov:iam::133242069230:oidc-provider/oidc.eks.us-gov-west-1.amazonaws.com/id/8ADA678DFB4EA0511BB08282356F1251"
                    ],
                    "type": "Federated"
                  }
                ],
                "resources": [],
                "sid": ""
              }
            ],
            "version": "2012-10-17"
          },
          "sensitive_attributes": []
        }
      ]
    },
    {
      "mode": "data",
      "type": "aws_security_group",
      "name": "selected",
      "provider": "provider[\"registry.terraform.io/hashicorp/aws\"]",
      "instances": [
        {
          "schema_version": 0,
          "attributes": {
            "arn": "arn:aws-us-gov:ec2:us-gov-west-1:133242069230:security-group/sg-0748f2a5a98f9da02",
            "description": "Allows inbound web traffic from the MITRE Network.",
            "filter": [
              {
                "name": "tag:Name",
                "values": [
                  "*MITRE Web*"
                ]
              }
            ],
            "id": "sg-0748f2a5a98f9da02",
            "name": "MITRE Web",
            "tags": {
              "Name": "Generic MITRE Web SG",
              "mitre:xcloud:protected": "",
              "mitre:xcloud:vpc-type": "Cloud-Only"
            },
            "timeouts": null,
            "vpc_id": "vpc-0b6b2a73a8ab960c4"
          },
          "sensitive_attributes": []
        }
      ]
    },
    {
      "mode": "data",
      "type": "aws_subnet",
      "name": "pub_subnet",
      "provider": "provider[\"registry.terraform.io/hashicorp/aws\"]",
      "instances": [
        {
          "index_key": 0,
          "schema_version": 0,
          "attributes": {
            "arn": "arn:aws-us-gov:ec2:us-gov-west-1:133242069230:subnet/subnet-040bbff62a42554ca",
            "assign_ipv6_address_on_creation": false,
            "availability_zone": "us-gov-west-1c",
            "availability_zone_id": "usgw1-az3",
            "available_ip_address_count": 26,
            "cidr_block": "10.190.18.192/27",
            "customer_owned_ipv4_pool": "",
            "default_for_az": false,
            "enable_dns64": false,
            "enable_lni_at_device_index": 0,
            "enable_resource_name_dns_a_record_on_launch": false,
            "enable_resource_name_dns_aaaa_record_on_launch": false,
            "filter": null,
            "id": "subnet-040bbff62a42554ca",
            "ipv6_cidr_block": "",
            "ipv6_cidr_block_association_id": "",
            "ipv6_native": false,
            "map_customer_owned_ip_on_launch": false,
            "map_public_ip_on_launch": false,
            "outpost_arn": "",
            "owner_id": "133242069230",
            "private_dns_hostname_type_on_launch": "ip-name",
            "state": "available",
            "tags": {
              "Name": "Generic Private Subnet (us-gov-west-1c)",
              "mitre:xcloud:default-lambda": "",
              "mitre:xcloud:protected": ""
            },
            "timeouts": null,
            "vpc_id": "vpc-0b6b2a73a8ab960c4"
          },
          "sensitive_attributes": []
        },
        {
          "index_key": 1,
          "schema_version": 0,
          "attributes": {
            "arn": "arn:aws-us-gov:ec2:us-gov-west-1:133242069230:subnet/subnet-09c5ee0b83b5bea8f",
            "assign_ipv6_address_on_creation": false,
            "availability_zone": "us-gov-west-1a",
            "availability_zone_id": "usgw1-az2",
            "available_ip_address_count": 26,
            "cidr_block": "10.190.18.160/27",
            "customer_owned_ipv4_pool": "",
            "default_for_az": false,
            "enable_dns64": false,
            "enable_lni_at_device_index": 0,
            "enable_resource_name_dns_a_record_on_launch": false,
            "enable_resource_name_dns_aaaa_record_on_launch": false,
            "filter": null,
            "id": "subnet-09c5ee0b83b5bea8f",
            "ipv6_cidr_block": "",
            "ipv6_cidr_block_association_id": "",
            "ipv6_native": false,
            "map_customer_owned_ip_on_launch": false,
            "map_public_ip_on_launch": false,
            "outpost_arn": "",
            "owner_id": "133242069230",
            "private_dns_hostname_type_on_launch": "ip-name",
            "state": "available",
            "tags": {
              "Name": "Generic Private Subnet (us-gov-west-1a)",
              "mitre:xcloud:default-lambda": "",
              "mitre:xcloud:protected": ""
            },
            "timeouts": null,
            "vpc_id": "vpc-0b6b2a73a8ab960c4"
          },
          "sensitive_attributes": []
        },
        {
          "index_key": 2,
          "schema_version": 0,
          "attributes": {
            "arn": "arn:aws-us-gov:ec2:us-gov-west-1:133242069230:subnet/subnet-0c87f5de8de7f03cc",
            "assign_ipv6_address_on_creation": false,
            "availability_zone": "us-gov-west-1b",
            "availability_zone_id": "usgw1-az1",
            "available_ip_address_count": 26,
            "cidr_block": "10.190.18.128/27",
            "customer_owned_ipv4_pool": "",
            "default_for_az": false,
            "enable_dns64": false,
            "enable_lni_at_device_index": 0,
            "enable_resource_name_dns_a_record_on_launch": false,
            "enable_resource_name_dns_aaaa_record_on_launch": false,
            "filter": null,
            "id": "subnet-0c87f5de8de7f03cc",
            "ipv6_cidr_block": "",
            "ipv6_cidr_block_association_id": "",
            "ipv6_native": false,
            "map_customer_owned_ip_on_launch": false,
            "map_public_ip_on_launch": false,
            "outpost_arn": "",
            "owner_id": "133242069230",
            "private_dns_hostname_type_on_launch": "ip-name",
            "state": "available",
            "tags": {
              "Name": "Generic Private Subnet (us-gov-west-1b)",
              "mitre:xcloud:default-lambda": "",
              "mitre:xcloud:protected": ""
            },
            "timeouts": null,
            "vpc_id": "vpc-0b6b2a73a8ab960c4"
          },
          "sensitive_attributes": []
        }
      ]
    },
    {
      "mode": "data",
      "type": "aws_subnets",
      "name": "pub-subnet",
      "provider": "provider[\"registry.terraform.io/hashicorp/aws\"]",
      "instances": [
        {
          "schema_version": 0,
          "attributes": {
            "filter": [
              {
                "name": "tag:Name",
                "values": [
                  "*Private Subnet*"
                ]
              }
            ],
            "id": "us-gov-west-1",
            "ids": [
              "subnet-040bbff62a42554ca",
              "subnet-09c5ee0b83b5bea8f",
              "subnet-0c87f5de8de7f03cc"
            ],
            "tags": null,
            "timeouts": null
          },
          "sensitive_attributes": []
        }
      ]
    },
    {
      "mode": "data",
      "type": "aws_vpcs",
      "name": "default_vpc",
      "provider": "provider[\"registry.terraform.io/hashicorp/aws\"]",
      "instances": [
        {
          "schema_version": 0,
          "attributes": {
            "filter": null,
            "id": "us-gov-west-1",
            "ids": [
              "vpc-0b6b2a73a8ab960c4"
            ],
            "tags": {
              "Name": "Generic VPC"
            },
            "timeouts": null
          },
          "sensitive_attributes": []
        }
      ]
    },
    {
      "mode": "data",
      "type": "tls_certificate",
      "name": "eks",
      "provider": "provider[\"registry.terraform.io/hashicorp/tls\"]",
      "instances": [
        {
          "schema_version": 0,
          "attributes": {
            "certificates": [
              {
                "cert_pem": "-----BEGIN CERTIFICATE-----\nMIIFMDCCAxigAwIBAgIQbwCOXYTYEqJMKES+U8HYNTANBgkqhkiG9w0BAQ0FADAY\nMRYwFAYDVQQDEw1NSVRSRSBCQSBST09UMB4XDTExMDkxNDIzNDA0NloXDTM4MDcy\nNDE4MjcyMlowGDEWMBQGA1UEAxMNTUlUUkUgQkEgUk9PVDCCAiIwDQYJKoZIhvcN\nAQEBBQADggIPADCCAgoCggIBAKCfESlDFKAucxUSD9A3z40CQQLBQINGQN8Q6cYa\n2CQ526ue7LaB0vX/IpP7jNxlQOnYOd+9B47hE7IoK8MJhiUvq0tN/4uk5SRslqg4\nEoNUV/Ppv9LkCQgnGQDXtWxqMgX4gPARtSY7MoZVgBAWy6hUzR/4fmaqHdLri96v\niNKnOT9S5/DDTL06zgvYV4Fv9RKIdgb9oNiElf8AvVRJFdusdWRIJmRVNES++WGO\n2KbhNFpn0T9/RG9BlKRcG4tjfLMrRK6OpWJWkG+qP1hf1ahTF3XhwT7l+M/An/7W\no3NMATtakPqMiVtD8GfG9vry1CsjYQmXAOs8y51vaCxm9qdNSlnfk4Cy1H9eje+v\nJVRtEw+RN7k96ST47haKzAEaV8bUVfNYtO0IUvAd61QvOkT0iDoKG2X5JEdHIbHa\n0Cuby+LmJcq/FHHQomJ/NNeUNIQ9d01G4d/SIu1hK0Uisa0QzJ+PtAKBeeOBouIg\nq7/wNynjaLyJ+yu+reUttc379J9Z0snPZeazZ2j1jrYU63hY04E+VWCYz/XGa/va\nVKm8gRpjjerHRERXx+WA8Yzk1JiQUBfSXJFeFsm0dopPQxYm7EHfj2Nirk3MilWv\nVZEnureh6tTWNqtEIj5dCBCAVIbPOdInyk6t3lwHl5NR/lxoK+34HjGdRrj+eKoy\num4ZAgMBAAGjdjB0MAsGA1UdDwQEAwIBhjAPBgNVHRMBAf8EBTADAQH/MB0GA1Ud\nDgQWBBR3BysHLXXUKtVyl+XB6+fgVO2vojAQBgkrBgEEAYI3FQEEAwIBATAjBgkr\nBgEEAYI3FQIEFgQU6Y5f4Y9A/VwXVZlnZ/Tg+6KgbncwDQYJKoZIhvcNAQENBQAD\nggIBABji6UAZ6AakLMLRjF5uxzrpNM/ymjCo4jQVG7Eb6JwgJ9YNbdPcCdk5vuM8\nzCDPr6OM2y/+I1Ke/+VQapGpyn1t0flgiJMAPTcycLgrk5uffhhFoFHkdkzgC+st\nKrTRD8TsLdE9fPGmF7+EL79xYTm1GSOcjkfwe8OrLhsu5HG0t4uo//ySAOxh2oAP\nM5PY0i/IjguOgAiBUwG7Ud68kUOT9nY9nrGGOFOANQrkhKm0tT+DgFtCnNNeeN95\nSU1gEJrjiugkjFjtnY6OcLxaMVI27sEHHwov2R4q2q4jauHhfTGL6NnzvkTcJxli\n5VDmMsoNlhUx587zoGKlfvwikDL5mrtmACPOInQ4y5Zjx6CvJTYqBo++BIjQ6WGo\nHAIAdNEMlFEQfIdLjbz/0L0499m6iSJM9l0zjJzG52dvWbfZhQ8FXOF9OhMBowOM\njZ08mmt9nKEpo1ju1Zn2FoO5t4ewxna/KQZre2VHrditFU/ZlIsfB6Ynb4hfvdoV\nhMOBtHWT/K9ZFzTyo9Q1FElexkafD+VtUwOpJ1KVpSAXLyfsvFesMiorv8VkrZDG\njQXi2t2FbjwK/+DOfq4a88vDgwrLZkNKoh+ZELcJjKvERfR1VVqOaf4jqoW92sL/\nsJJ6HXtVPtAfN+1efRt836QCSJCVkS3ZxvjhyRvSYCUasNVf\n-----END CERTIFICATE-----\n",
                "is_ca": true,
                "issuer": "CN=MITRE BA ROOT",
                "not_after": "2038-07-24T18:27:22Z",
                "not_before": "2011-09-14T23:40:46Z",
                "public_key_algorithm": "RSA",
                "serial_number": "147547195043621731526017432698547722293",
                "sha1_fingerprint": "9b20b6d2ddfc9fdec0e0547d1f58f38ec7386043",
                "signature_algorithm": "SHA512-RSA",
                "subject": "CN=MITRE BA ROOT",
                "version": 3
              },
              {
                "cert_pem": "-----BEGIN CERTIFICATE-----\nMIIFKzCCAxOgAwIBAgIKYQ6nJwABAAAALTANBgkqhkiG9w0BAQ0FADAYMRYwFAYD\nVQQDEw1NSVRSRSBCQSBST09UMB4XDTE4MTAxNjE1MjYwMVoXDTM4MDcyNDE4Mjcy\nMlowezELMAkGA1UEBhMCVVMxCzAJBgNVBAgTAk1BMRAwDgYDVQQHEwdCZWRmb3Jk\nMRowGAYDVQQKExFNSVRSRSBDb3Jwb3JhdGlvbjEQMA4GA1UECxMHSW5mb3NlYzEf\nMB0GA1UEAxMWTUlUUkUgSW5mb3NlYyBSU0EgMjAxODCCASIwDQYJKoZIhvcNAQEB\nBQADggEPADCCAQoCggEBAJzj904rxfZtJ/ajPbwBuYsNTNyf17xdQDDw9w1x9w3/\nAvXYtswm7o5c6ENAs10g+ezhObeJuOTCav9iMYwnDoK4/aaFmWYIzllvcPXO7yMp\ndoH0rkRqVeO4M0kmW897ot0p9B6JnY7Pm+z/xsMFKVAfpq1SBdHSQ5umdIIf1bc0\nyiVmK0s/73i0/0FV9TuvYbij5W0ZJxWL9ZpATA/UrX3f6dePnb+nJK5DoZzr+r1z\nOJdzpSoCSy52GmmiEfH+i3uAKG9ruEu1PVVX206yp63hFyib2a9Z7gBtV3E/AsT2\n20GNJRnHtxUNj1Retbe5a2jB5OB72ugwijDVbRJshaECAwEAAaOCARIwggEOMB0G\nA1UdDgQWBBRM9E44BEaxR9vvGt44lamVIAlRnDAfBgNVHSMEGDAWgBR3BysHLXXU\nKtVyl+XB6+fgVO2vojA7BgNVHR8ENDAyMDCgLqAshipodHRwOi8vcGtpLm1pdHJl\nLm9yZy9NSVRSRSUyMEJBJTIwUk9PVC5jcmwwVgYIKwYBBQUHAQEESjBIMEYGCCsG\nAQUFBzAChjpodHRwOi8vcGtpLm1pdHJlLm9yZy9NU0NBQkFPRkZQUkRfTUlUUkUl\nMjBCQSUyMFJPT1QoMSkuY3J0MBkGCSsGAQQBgjcUAgQMHgoAUwB1AGIAQwBBMA8G\nA1UdEwEB/wQFMAMBAf8wCwYDVR0PBAQDAgGGMA0GCSqGSIb3DQEBDQUAA4ICAQCI\nG+zBpI/fL4AKQpj5lD4FwWGvPM1noWYQNzsANBj7femASi3qLkjENVPfgZR7QJ1M\nRVQi02LORHbUZkDLRm3/QsjayFtb+mjjP/ualgl1rw1SzbufrtTdu4sQ7FDevHkE\nmGOD/FFIwxZYu5CJH6zxrK72SZh4wvc4OPHnjJ/wyimLFNfcgQCcFt3aYA3+eCav\nzK7idpEiBp9TAQlpEdd9H8/66GXSfiiKINvHzrgNs+UH0Z/68KOkM0WEukReqJOm\nyiW86Ydr+q9AVyrMWOv33HSpljPdRZPDLm71FSaOPrIwlu1HDuwQtSnru29iqe0P\n5c+FwXu1BBU8zEaNu70llOryp35d1FkAIhwdHsEwh7FZD4ioMPefcexJYEmN0fnJ\nfTn9CSBBgJK3Ad9p1zl8m4xJM2LHF8qeFBD/k5RCr+oJYj+7biDjgdwGTKj7iZbF\nSvLL9D16jYp5tFRSiSOhr+yh18cmZqgooCRfUoPdCF/ndxW14BiLkN/tBDo28AAi\n3nzPDZ5/knd+LTBpYARpLMvsXchldlS7E8mZwtOOz2ysyp4lUEAjazCPCLZKTg+R\nJLr1dJWB8/PnrKPwsVhGc6myqvgGzUmQ5SwITQ8kqPu3suf8cy/vGtWnnJIGvIAd\ntbsmXkYzb+jNQpt+wIjuODShji+LP0/hQJhj8aQ2bg==\n-----END CERTIFICATE-----\n",
                "is_ca": true,
                "issuer": "CN=MITRE BA ROOT",
                "not_after": "2038-07-24T18:27:22Z",
                "not_before": "2018-10-16T15:26:01Z",
                "public_key_algorithm": "RSA",
                "serial_number": "458339847851120240099373",
                "sha1_fingerprint": "2949188f87cd9ec39afa66d826d550624afb4bfb",
                "signature_algorithm": "SHA512-RSA",
                "subject": "CN=MITRE Infosec RSA 2018,OU=Infosec,O=MITRE Corporation,L=Bedford,ST=MA,C=US",
                "version": 3
              },
              {
                "cert_pem": "-----BEGIN CERTIFICATE-----\nMIIDvzCCAqegAwIBAgIQbkFCWPRKW0O+r1yXfQoH+zANBgkqhkiG9w0BAQsFADB7\nMQswCQYDVQQGEwJVUzELMAkGA1UECBMCTUExEDAOBgNVBAcTB0JlZGZvcmQxGjAY\nBgNVBAoTEU1JVFJFIENvcnBvcmF0aW9uMRAwDgYDVQQLEwdJbmZvc2VjMR8wHQYD\nVQQDExZNSVRSRSBJbmZvc2VjIFJTQSAyMDE4MB4XDTI0MDQwMTAwMDAwMFoXDTI1\nMDQzMDIzNTk1OVowLDEqMCgGA1UEAwwhKi5la3MudXMtZ292LXdlc3QtMS5hbWF6\nb25hd3MuY29tMIIBIjANBgkqhkiG9w0BAQEFAAOCAQ8AMIIBCgKCAQEAsgmWzO3S\n2oFd7fvvJck+LiqVKdClVbgBtm6XbjGM3/W9KE1fkBaZEJZh6AtYQ8QfnGMx07bh\nNMRnZ+D4qZUbTjf7tFMsc/gYg8spw9QLm2xI0QhtptZtaV2qfDCk5tkjOKk+rfjs\nTD16Nk+aB2zCKBAk8XgGr1xJ+3dBZb+j8KIZREZegtRAKZLbcwQkc9FOGbrBz+8w\nJWr4rHawmCJ4GoXXRWxwPYcQZSbbxqUFoPSJCzBqk3hWnkvw2YdzqOeN4km5ws0Y\n9jpQYVrlYebBDf50f+4zCZGoNsyarlmmebQMvmdzabS1vHAwZDxU7sMyjZdobx1V\nQP841rqt3rpDjQIDAQABo4GNMIGKMB0GA1UdDgQWBBRYzM18Op3gOqOZVEic3lKs\n7d3H9TAsBgNVHREEJTAjgiEqLmVrcy51cy1nb3Ytd2VzdC0xLmFtYXpvbmF3cy5j\nb20wDgYDVR0PAQH/BAQDAgWgMB0GA1UdJQQWMBQGCCsGAQUFBwMBBggrBgEFBQcD\nAjAMBgNVHRMBAf8EAjAAMA0GCSqGSIb3DQEBCwUAA4IBAQBQALM6KMhoNiTDsx/W\niucDyY3HXiUbWMK1Lc5uubOK1Ci30y/MDEZbdHWvr0VQp0fYo/GAq30ryesxVm/q\nqX/cbGrg5tS9B+uLWa91YYgzDt67iPIBom5JNYUgVoWlDGBsbw+TJsDXAlKVCN2U\nrINUanc8GYlB8CcDNDVz89IP6tLyA1aBW6W93mpGQLCkCrshDPr/gfMo2PM/lCKp\nAj6GqaKzfU4Mcjb/6TYZxUNda8BdNALVMrYatecS8eR4JpM2zGpSVfuzelyRxzfl\npcjSPpo5k9pTOsIvWhVgj1tLTMETNIZUhTD62QsqP3vH/XwR6GUHjXSLrgVnfdZx\nSFkL\n-----END CERTIFICATE-----\n",
                "is_ca": false,
                "issuer": "CN=MITRE Infosec RSA 2018,OU=Infosec,O=MITRE Corporation,L=Bedford,ST=MA,C=US",
                "not_after": "2025-04-30T23:59:59Z",
                "not_before": "2024-04-01T00:00:00Z",
                "public_key_algorithm": "RSA",
                "serial_number": "146553924518861885972864723840557254651",
                "sha1_fingerprint": "51ed4405363ce2be5683fb4dcb184c120a6809df",
                "signature_algorithm": "SHA256-RSA",
                "subject": "CN=*.eks.us-gov-west-1.amazonaws.com",
                "version": 3
              }
            ],
            "content": null,
            "id": "03b7265cb24a4cbab8601cf8b4c2b6f5893bb3be",
            "url": "https://oidc.eks.us-gov-west-1.amazonaws.com/id/8ADA678DFB4EA0511BB08282356F1251",
            "verify_chain": true
          },
          "sensitive_attributes": []
        }
      ]
    },
    {
      "mode": "managed",
      "type": "aws_eks_cluster",
      "name": "eks",
      "provider": "provider[\"registry.terraform.io/hashicorp/aws\"]",
      "instances": [
        {
          "schema_version": 1,
          "attributes": {
            "access_config": [
              {
                "authentication_mode": "API",
                "bootstrap_cluster_creator_admin_permissions": true
              }
            ],
            "arn": "arn:aws-us-gov:eks:us-gov-west-1:133242069230:cluster/JCC2-staging-JCRS",
            "bootstrap_self_managed_addons": true,
            "certificate_authority": [
              {
                "data": "LS0tLS1CRUdJTiBDRVJUSUZJQ0FURS0tLS0tCk1JSURCVENDQWUyZ0F3SUJBZ0lJZlJsVHFYNXlIQ0F3RFFZSktvWklodmNOQVFFTEJRQXdGVEVUTUJFR0ExVUUKQXhNS2EzVmlaWEp1WlhSbGN6QWVGdzB5TlRBeE1qRXhPVFUxTWpsYUZ3MHpOVEF4TVRreU1EQXdNamxhTUJVeApFekFSQmdOVkJBTVRDbXQxWW1WeWJtVjBaWE13Z2dFaU1BMEdDU3FHU0liM0RRRUJBUVVBQTRJQkR3QXdnZ0VLCkFvSUJBUURKbnZMTHdqa1lGb1NzcGxNWWpvaVhTZVlrMnlQNHFLUEtVd0ZRdlVGNTlQZTFCZ3c1aFV2WDJJNFgKWTIwOW9mZ0gyS0ZPRFYzL3dhVVpDbUtmOVpUazBNU0RqNHBLRHF0Vm9McVMzalUvQlhWdElvalh5VHVNdmxNQQp3UFI4OUxQRk9UMTRLWUozUlpqY1N2OXdRcThwK2pES2pMZVJ3RkdZbEFuK3NGZjlnZEY3Y1VJUERsMzdRb1MvCnFvZkJ6WnlCNDZXU2J3WUFBMnZ6WmN3aFdsdmp6UVhLUG5yN2Mvc25STms4L2dqSkR6a0o5ZWdKZzB0UC9sNVYKcG9BNUVJOEVCQXc0WHVjTGZXQkdncVZoME1qdmRnMnVDbGZPS0M1N1JLNUJ5VmVSTXpocDBJTjNlOFZaQUJvTQpGSjNuYU9USnYxTlpWZE40VWNOQXFRc2s2bUoxQWdNQkFBR2pXVEJYTUE0R0ExVWREd0VCL3dRRUF3SUNwREFQCkJnTlZIUk1CQWY4RUJUQURBUUgvTUIwR0ExVWREZ1FXQkJSUGpHWUNyelN0OVZnL2gwWFVjNnpQb2hwK3pUQVYKQmdOVkhSRUVEakFNZ2dwcmRXSmxjbTVsZEdWek1BMEdDU3FHU0liM0RRRUJDd1VBQTRJQkFRQVBJMkk4c3VCeApDL2s3UzdzdVpNS2RMUFZEY0FwVEJqemRKOXl4Y2dlNFNKTVlycWFSZ0k5cG9RZDdOZHBOcGlnQWFpTnRiVFFQCmsrRGNKUENqaW9sdjIrdEJnUjBMNU81eG05dmF4elY3NDBDNUp3L2ZDUkVmaDRwZ3grQ1I5M25SdkN5R3R3blIKRy9rVERnYmNuQjRpVC9IZFVTS2Y2WGNjZFUyZHVNM3ArVTdRT0hCTm1LYktKVGJydmVXaXFhU2NNdWgwd3AxRgpNY0xwd1M2WU0weXk3Z2hVcHFQc3NQNGg2bDNOTWdmclhyWmpkc0N1N0QyUUFtSEZWN3ZhRmVsMGJNbGZ4eGdXClJXQldadzNmcFNiS2thS0dSdzJNMkplSHFOajlUMG41dzBKTFo5THp4bHlYc25OWGdER090VzdKOEVSSWxCTE0Kcm14TGZZR2V3Z3ljCi0tLS0tRU5EIENFUlRJRklDQVRFLS0tLS0K"
              }
            ],
            "cluster_id": null,
            "compute_config": [],
            "created_at": "2025-01-21T19:56:42Z",
            "enabled_cluster_log_types": null,
            "encryption_config": [],
            "endpoint": "https://8ADA678DFB4EA0511BB08282356F1251.gr7.us-gov-west-1.eks.amazonaws.com",
            "id": "JCC2-staging-JCRS",
            "identity": [
              {
                "oidc": [
                  {
                    "issuer": "https://oidc.eks.us-gov-west-1.amazonaws.com/id/8ADA678DFB4EA0511BB08282356F1251"
                  }
                ]
              }
            ],
            "kubernetes_network_config": [
              {
                "elastic_load_balancing": [],
                "ip_family": "ipv4",
                "service_ipv4_cidr": "172.20.0.0/16",
                "service_ipv6_cidr": ""
              }
            ],
            "name": "JCC2-staging-JCRS",
            "outpost_config": [],
            "platform_version": "eks.25",
            "remote_network_config": [],
            "role_arn": "arn:aws-us-gov:iam::133242069230:role/JCC2-staging-JCRS-eks-cluster",
            "status": "ACTIVE",
            "storage_config": [],
            "tags": null,
            "tags_all": {},
            "timeouts": null,
            "upgrade_policy": [
              {
                "support_type": "EXTENDED"
              }
            ],
            "version": "1.30",
            "vpc_config": [
              {
                "cluster_security_group_id": "sg-04c2f6541f7901316",
                "endpoint_private_access": false,
                "endpoint_public_access": true,
                "public_access_cidrs": [
                  "0.0.0.0/0"
                ],
                "security_group_ids": [
                  "sg-0748f2a5a98f9da02"
                ],
                "subnet_ids": [
                  "subnet-040bbff62a42554ca",
                  "subnet-09c5ee0b83b5bea8f",
                  "subnet-0c87f5de8de7f03cc"
                ],
                "vpc_id": "vpc-0b6b2a73a8ab960c4"
              }
            ],
            "zonal_shift_config": []
          },
          "sensitive_attributes": [],
          "private": "eyJlMmJmYjczMC1lY2FhLTExZTYtOGY4OC0zNDM2M2JjN2M0YzAiOnsiY3JlYXRlIjoxODAwMDAwMDAwMDAwLCJkZWxldGUiOjkwMDAwMDAwMDAwMCwidXBkYXRlIjozNjAwMDAwMDAwMDAwfSwic2NoZW1hX3ZlcnNpb24iOiIxIn0=",
          "dependencies": [
            "aws_iam_role.eks",
            "aws_iam_role_policy_attachment.eks",
            "data.aws_security_group.selected",
            "data.aws_subnets.pub-subnet"
          ]
        }
      ]
    },
    {
      "mode": "managed",
      "type": "aws_eks_node_group",
      "name": "general",
      "provider": "provider[\"registry.terraform.io/hashicorp/aws\"]",
      "instances": [
        {
          "schema_version": 0,
          "attributes": {
            "ami_type": "AL2023_x86_64_STANDARD",
            "arn": "arn:aws-us-gov:eks:us-gov-west-1:133242069230:nodegroup/JCC2-staging-JCRS/JCC2-workers/18ca453b-750a-e26e-5674-4f5ef46a1f70",
            "capacity_type": "ON_DEMAND",
            "cluster_name": "JCC2-staging-JCRS",
            "disk_size": 20,
            "force_update_version": null,
            "id": "JCC2-staging-JCRS:JCC2-workers",
            "instance_types": [
              "t2.large"
            ],
            "labels": {
              "role": "general"
            },
            "launch_template": [],
            "node_group_name": "JCC2-workers",
            "node_group_name_prefix": "",
            "node_repair_config": [],
            "node_role_arn": "arn:aws-us-gov:iam::133242069230:role/JCC2-staging-JCRS-eks-nodes",
            "release_version": "1.30.8-20250116",
            "remote_access": [],
            "resources": [
              {
                "autoscaling_groups": [
                  {
                    "name": "eks-JCC2-workers-18ca453b-750a-e26e-5674-4f5ef46a1f70"
                  }
                ],
                "remote_access_security_group_id": ""
              }
            ],
            "scaling_config": [
              {
                "desired_size": 2,
                "max_size": 10,
                "min_size": 0
              }
            ],
            "status": "ACTIVE",
            "subnet_ids": [
              "subnet-040bbff62a42554ca",
              "subnet-09c5ee0b83b5bea8f",
              "subnet-0c87f5de8de7f03cc"
            ],
            "tags": null,
            "tags_all": {},
            "taint": [],
            "timeouts": null,
            "update_config": [
              {
                "max_unavailable": 1,
                "max_unavailable_percentage": 0
              }
            ],
            "version": "1.30"
          },
          "sensitive_attributes": [],
          "private": "eyJlMmJmYjczMC1lY2FhLTExZTYtOGY4OC0zNDM2M2JjN2M0YzAiOnsiY3JlYXRlIjozNjAwMDAwMDAwMDAwLCJkZWxldGUiOjM2MDAwMDAwMDAwMDAsInVwZGF0ZSI6MzYwMDAwMDAwMDAwMH19",
          "dependencies": [
            "aws_eks_cluster.eks",
            "aws_iam_role.eks",
            "aws_iam_role.nodes",
            "aws_iam_role_policy_attachment.amazon_ec2_container_registry_read_only",
            "aws_iam_role_policy_attachment.amazon_eks_cni_policy",
            "aws_iam_role_policy_attachment.amazon_eks_worker_node_policy",
            "aws_iam_role_policy_attachment.eks",
            "data.aws_security_group.selected",
            "data.aws_subnet.pub_subnet",
            "data.aws_subnets.pub-subnet"
          ]
        }
      ]
    },
    {
      "mode": "managed",
      "type": "aws_eks_pod_identity_association",
      "name": "cluster_autoscaler",
      "provider": "provider[\"registry.terraform.io/hashicorp/aws\"]",
      "instances": [
        {
          "schema_version": 0,
          "attributes": {
            "association_arn": "arn:aws-us-gov:eks:us-gov-west-1:133242069230:podidentityassociation/JCC2-staging-JCRS/a-skkfludtks9bvmwcv",
            "association_id": "a-skkfludtks9bvmwcv",
            "cluster_name": "JCC2-staging-JCRS",
            "id": "a-skkfludtks9bvmwcv",
            "namespace": "kube-system",
            "role_arn": "arn:aws-us-gov:iam::133242069230:role/JCC2-staging-JCRS-cluster-autoscaler",
            "service_account": "cluster-autoscaler",
            "tags": null,
            "tags_all": {}
          },
          "sensitive_attributes": [],
          "dependencies": [
            "aws_eks_cluster.eks",
            "aws_iam_role.cluster_autoscaler",
            "aws_iam_role.eks",
            "aws_iam_role_policy_attachment.eks",
            "data.aws_security_group.selected",
            "data.aws_subnets.pub-subnet"
          ]
        }
      ]
    },
    {
      "mode": "managed",
      "type": "aws_iam_openid_connect_provider",
      "name": "eks",
      "provider": "provider[\"registry.terraform.io/hashicorp/aws\"]",
      "instances": [
        {
          "schema_version": 0,
          "attributes": {
            "arn": "arn:aws-us-gov:iam::133242069230:oidc-provider/oidc.eks.us-gov-west-1.amazonaws.com/id/8ADA678DFB4EA0511BB08282356F1251",
            "client_id_list": [
              "sts.amazonaws.com"
            ],
            "id": "arn:aws-us-gov:iam::133242069230:oidc-provider/oidc.eks.us-gov-west-1.amazonaws.com/id/8ADA678DFB4EA0511BB08282356F1251",
            "tags": null,
            "tags_all": {},
            "thumbprint_list": [
              "9b20b6d2ddfc9fdec0e0547d1f58f38ec7386043"
            ],
            "url": "oidc.eks.us-gov-west-1.amazonaws.com/id/8ADA678DFB4EA0511BB08282356F1251"
          },
          "sensitive_attributes": [],
          "private": "bnVsbA==",
          "dependencies": [
            "aws_eks_cluster.eks",
            "aws_iam_role.eks",
            "aws_iam_role_policy_attachment.eks",
            "data.aws_security_group.selected",
            "data.aws_subnets.pub-subnet",
            "data.tls_certificate.eks"
          ]
        }
      ]
    },
    {
      "mode": "managed",
      "type": "aws_iam_policy",
      "name": "cluster_autoscaler",
      "provider": "provider[\"registry.terraform.io/hashicorp/aws\"]",
      "instances": [
        {
          "schema_version": 0,
          "attributes": {
            "arn": "arn:aws-us-gov:iam::133242069230:policy/JCC2-staging-JCRS-cluster-autoscaler",
            "attachment_count": 0,
            "description": "",
            "id": "arn:aws-us-gov:iam::133242069230:policy/JCC2-staging-JCRS-cluster-autoscaler",
            "name": "JCC2-staging-JCRS-cluster-autoscaler",
            "name_prefix": "",
            "path": "/",
            "policy": "{\"Statement\":[{\"Action\":[\"autoscaling:DescribeAutoScalingGroups\",\"autoscaling:DescribeAutoScalingInstances\",\"autoscaling:DescribeLaunchConfigurations\",\"autoscaling:DescribeScalingActivities\",\"autoscaling:DescribeTags\",\"ec2:DescribeImages\",\"ec2:DescribeInstanceTypes\",\"ec2:DescribeLaunchTemplateVersions\",\"ec2:GetInstanceTypesFromInstanceRequirements\",\"eks:DescribeNodegroup\"],\"Effect\":\"Allow\",\"Resource\":\"*\"},{\"Action\":[\"autoscaling:SetDesiredCapacity\",\"autoscaling:TerminateInstanceInAutoScalingGroup\"],\"Effect\":\"Allow\",\"Resource\":\"*\"}],\"Version\":\"2012-10-17\"}",
            "policy_id": "ANPAR6BOYUDXB3TTTZRFB",
            "tags": null,
            "tags_all": {}
          },
          "sensitive_attributes": [],
          "private": "bnVsbA==",
          "dependencies": [
            "aws_eks_cluster.eks",
            "aws_iam_role.eks",
            "aws_iam_role_policy_attachment.eks",
            "data.aws_security_group.selected",
            "data.aws_subnets.pub-subnet"
          ]
        }
      ]
    },
    {
      "mode": "managed",
      "type": "aws_iam_role",
      "name": "cluster_autoscaler",
      "provider": "provider[\"registry.terraform.io/hashicorp/aws\"]",
      "instances": [
        {
          "schema_version": 0,
          "attributes": {
            "arn": "arn:aws-us-gov:iam::133242069230:role/JCC2-staging-JCRS-cluster-autoscaler",
            "assume_role_policy": "{\"Statement\":[{\"Action\":[\"sts:AssumeRole\",\"sts:TagSession\"],\"Effect\":\"Allow\",\"Principal\":{\"Service\":\"pods.eks.amazonaws.com\"}}],\"Version\":\"2012-10-17\"}",
            "create_date": "2025-01-21T20:03:56Z",
            "description": "",
            "force_detach_policies": false,
            "id": "JCC2-staging-JCRS-cluster-autoscaler",
            "inline_policy": [],
            "managed_policy_arns": [],
            "max_session_duration": 3600,
            "name": "JCC2-staging-JCRS-cluster-autoscaler",
            "name_prefix": "",
            "path": "/",
            "permissions_boundary": "",
            "tags": null,
            "tags_all": {},
            "unique_id": "AROAR6BOYUDXAXC5EYANC"
          },
          "sensitive_attributes": [],
          "private": "bnVsbA==",
          "dependencies": [
            "aws_eks_cluster.eks",
            "aws_iam_role.eks",
            "aws_iam_role_policy_attachment.eks",
            "data.aws_security_group.selected",
            "data.aws_subnets.pub-subnet"
          ]
        }
      ]
    },
    {
      "mode": "managed",
      "type": "aws_iam_role",
      "name": "eks",
      "provider": "provider[\"registry.terraform.io/hashicorp/aws\"]",
      "instances": [
        {
          "schema_version": 0,
          "attributes": {
            "arn": "arn:aws-us-gov:iam::133242069230:role/JCC2-staging-JCRS-eks-cluster",
            "assume_role_policy": "{\"Statement\":[{\"Action\":\"sts:AssumeRole\",\"Effect\":\"Allow\",\"Principal\":{\"Service\":\"eks.amazonaws.com\"}}],\"Version\":\"2012-10-17\"}",
            "create_date": "2025-01-21T19:56:40Z",
            "description": "",
            "force_detach_policies": false,
            "id": "JCC2-staging-JCRS-eks-cluster",
            "inline_policy": [],
            "managed_policy_arns": [],
            "max_session_duration": 3600,
            "name": "JCC2-staging-JCRS-eks-cluster",
            "name_prefix": "",
            "path": "/",
            "permissions_boundary": "",
            "tags": null,
            "tags_all": {},
            "unique_id": "AROAR6BOYUDXMUPUDVYC5"
          },
          "sensitive_attributes": [],
          "private": "bnVsbA=="
        }
      ]
    },
    {
      "mode": "managed",
      "type": "aws_iam_role",
      "name": "eks_efs_csi_driver",
      "provider": "provider[\"registry.terraform.io/hashicorp/aws\"]",
      "instances": [
        {
          "schema_version": 0,
          "attributes": {
            "arn": "arn:aws-us-gov:iam::133242069230:role/JCC2-staging-JCRS-AmazonEKS_EFS_CSI_DriverRole",
            "assume_role_policy": "{\"Statement\":[{\"Action\":\"sts:AssumeRoleWithWebIdentity\",\"Condition\":{\"StringLike\":{\"oidc.eks.us-gov-west-1.amazonaws.com/id/8ADA678DFB4EA0511BB08282356F1251:aud\":\"sts.amazonaws.com\",\"oidc.eks.us-gov-west-1.amazonaws.com/id/8ADA678DFB4EA0511BB08282356F1251:sub\":\"system:serviceaccount:kube-system:efs-csi-*\"}},\"Effect\":\"Allow\",\"Principal\":{\"Federated\":\"arn:aws-us-gov:iam::133242069230:oidc-provider/oidc.eks.us-gov-west-1.amazonaws.com/id/8ADA678DFB4EA0511BB08282356F1251\"}}],\"Version\":\"2012-10-17\"}",
            "create_date": "2025-01-21T20:03:57Z",
            "description": "",
            "force_detach_policies": false,
            "id": "JCC2-staging-JCRS-AmazonEKS_EFS_CSI_DriverRole",
            "inline_policy": [],
            "managed_policy_arns": [],
            "max_session_duration": 3600,
            "name": "JCC2-staging-JCRS-AmazonEKS_EFS_CSI_DriverRole",
            "name_prefix": "",
            "path": "/",
            "permissions_boundary": "",
            "tags": null,
            "tags_all": {},
            "unique_id": "AROAR6BOYUDXJ7PNGHPBT"
          },
          "sensitive_attributes": [],
          "private": "bnVsbA==",
          "dependencies": [
            "aws_eks_cluster.eks",
            "aws_iam_openid_connect_provider.eks",
            "aws_iam_role.eks",
            "aws_iam_role_policy_attachment.eks",
            "data.aws_iam_policy_document.efs_csi_driver",
            "data.aws_security_group.selected",
            "data.aws_subnets.pub-subnet",
            "data.tls_certificate.eks"
          ]
        }
      ]
    },
    {
      "mode": "managed",
      "type": "aws_iam_role",
      "name": "nodes",
      "provider": "provider[\"registry.terraform.io/hashicorp/aws\"]",
      "instances": [
        {
          "schema_version": 0,
          "attributes": {
            "arn": "arn:aws-us-gov:iam::133242069230:role/JCC2-staging-JCRS-eks-nodes",
            "assume_role_policy": "{\"Statement\":[{\"Action\":\"sts:AssumeRole\",\"Effect\":\"Allow\",\"Principal\":{\"Service\":\"ec2.amazonaws.com\"}}],\"Version\":\"2012-10-17\"}",
            "create_date": "2025-01-21T19:56:40Z",
            "description": "",
            "force_detach_policies": false,
            "id": "JCC2-staging-JCRS-eks-nodes",
            "inline_policy": [],
            "managed_policy_arns": [],
            "max_session_duration": 3600,
            "name": "JCC2-staging-JCRS-eks-nodes",
            "name_prefix": "",
            "path": "/",
            "permissions_boundary": "",
            "tags": null,
            "tags_all": {},
            "unique_id": "AROAR6BOYUDXAEHWHIEBQ"
          },
          "sensitive_attributes": [],
          "private": "bnVsbA=="
        }
      ]
    },
    {
      "mode": "managed",
      "type": "aws_iam_role_policy_attachment",
      "name": "amazon_ec2_container_registry_read_only",
      "provider": "provider[\"registry.terraform.io/hashicorp/aws\"]",
      "instances": [
        {
          "schema_version": 0,
          "attributes": {
            "id": "JCC2-staging-JCRS-eks-nodes-20250121195640556900000002",
            "policy_arn": "arn:aws-us-gov:iam::aws:policy/AmazonEC2ContainerRegistryReadOnly",
            "role": "JCC2-staging-JCRS-eks-nodes"
          },
          "sensitive_attributes": [],
          "private": "bnVsbA==",
          "dependencies": [
            "aws_iam_role.nodes"
          ]
        }
      ]
    },
    {
      "mode": "managed",
      "type": "aws_iam_role_policy_attachment",
      "name": "amazon_efs_csi_driver",
      "provider": "provider[\"registry.terraform.io/hashicorp/aws\"]",
      "instances": [
        {
          "schema_version": 0,
          "attributes": {
            "id": "JCC2-staging-JCRS-AmazonEKS_EFS_CSI_DriverRole-20250121200357726800000008",
            "policy_arn": "arn:aws-us-gov:iam::aws:policy/service-role/AmazonEFSCSIDriverPolicy",
            "role": "JCC2-staging-JCRS-AmazonEKS_EFS_CSI_DriverRole"
          },
          "sensitive_attributes": [],
          "private": "bnVsbA==",
          "dependencies": [
            "aws_eks_cluster.eks",
            "aws_iam_openid_connect_provider.eks",
            "aws_iam_role.eks",
            "aws_iam_role.eks_efs_csi_driver",
            "aws_iam_role_policy_attachment.eks",
            "data.aws_iam_policy_document.efs_csi_driver",
            "data.aws_security_group.selected",
            "data.aws_subnets.pub-subnet",
            "data.tls_certificate.eks"
          ]
        }
      ]
    },
    {
      "mode": "managed",
      "type": "aws_iam_role_policy_attachment",
      "name": "amazon_eks_cni_policy",
      "provider": "provider[\"registry.terraform.io/hashicorp/aws\"]",
      "instances": [
        {
          "schema_version": 0,
          "attributes": {
            "id": "JCC2-staging-JCRS-eks-nodes-20250121195640681000000003",
            "policy_arn": "arn:aws-us-gov:iam::aws:policy/AmazonEKS_CNI_Policy",
            "role": "JCC2-staging-JCRS-eks-nodes"
          },
          "sensitive_attributes": [],
          "private": "bnVsbA==",
          "dependencies": [
            "aws_iam_role.nodes"
          ]
        }
      ]
    },
    {
      "mode": "managed",
      "type": "aws_iam_role_policy_attachment",
      "name": "amazon_eks_worker_node_policy",
      "provider": "provider[\"registry.terraform.io/hashicorp/aws\"]",
      "instances": [
        {
          "schema_version": 0,
          "attributes": {
            "id": "JCC2-staging-JCRS-eks-nodes-20250121195640556000000001",
            "policy_arn": "arn:aws-us-gov:iam::aws:policy/AmazonEKSWorkerNodePolicy",
            "role": "JCC2-staging-JCRS-eks-nodes"
          },
          "sensitive_attributes": [],
          "private": "bnVsbA==",
          "dependencies": [
            "aws_iam_role.nodes"
          ]
        }
      ]
    },
    {
      "mode": "managed",
      "type": "aws_iam_role_policy_attachment",
      "name": "cluster_autoscaler",
      "provider": "provider[\"registry.terraform.io/hashicorp/aws\"]",
      "instances": [
        {
          "schema_version": 0,
          "attributes": {
            "id": "JCC2-staging-JCRS-cluster-autoscaler-20250121200357423800000007",
            "policy_arn": "arn:aws-us-gov:iam::133242069230:policy/JCC2-staging-JCRS-cluster-autoscaler",
            "role": "JCC2-staging-JCRS-cluster-autoscaler"
          },
          "sensitive_attributes": [],
          "private": "bnVsbA==",
          "dependencies": [
            "aws_eks_cluster.eks",
            "aws_iam_policy.cluster_autoscaler",
            "aws_iam_role.cluster_autoscaler",
            "aws_iam_role.eks",
            "aws_iam_role_policy_attachment.eks",
            "data.aws_security_group.selected",
            "data.aws_subnets.pub-subnet"
          ]
        }
      ]
    },
    {
      "mode": "managed",
      "type": "aws_iam_role_policy_attachment",
      "name": "eks",
      "provider": "provider[\"registry.terraform.io/hashicorp/aws\"]",
      "instances": [
        {
          "schema_version": 0,
          "attributes": {
            "id": "JCC2-staging-JCRS-eks-cluster-20250121195640685900000004",
            "policy_arn": "arn:aws-us-gov:iam::aws:policy/AmazonEKSClusterPolicy",
            "role": "JCC2-staging-JCRS-eks-cluster"
          },
          "sensitive_attributes": [],
          "private": "bnVsbA==",
          "dependencies": [
            "aws_iam_role.eks"
          ]
        }
      ]
    },
    {
      "mode": "managed",
      "type": "helm_release",
      "name": "cluster_autoscaler",
      "provider": "provider[\"registry.terraform.io/hashicorp/helm\"]",
      "instances": [
        {
          "schema_version": 1,
          "attributes": {
            "atomic": false,
            "chart": "cluster-autoscaler",
            "cleanup_on_fail": false,
            "create_namespace": false,
            "dependency_update": false,
            "description": null,
            "devel": null,
            "disable_crd_hooks": false,
            "disable_openapi_validation": false,
            "disable_webhooks": false,
            "force_update": false,
            "id": "autoscaler",
            "keyring": null,
            "lint": false,
            "manifest": null,
            "max_history": 0,
            "metadata": [
              {
                "app_version": "1.30.0",
                "chart": "cluster-autoscaler",
                "first_deployed": 1737489847,
                "last_deployed": 1737489847,
                "name": "autoscaler",
                "namespace": "kube-system",
                "notes": "\n\nTo verify that cluster-autoscaler has started, run:\n\n  kubectl --namespace=kube-system get pods -l \"app.kubernetes.io/name=aws-cluster-autoscaler,app.kubernetes.io/instance=autoscaler\"",
                "revision": 1,
                "values": "{\"autoDiscovery\":{\"clusterName\":\"JCC2-staging-JCRS\"},\"awsRegion\":\"us-gov-west-1\",\"rbac\":{\"serviceAccount\":{\"name\":\"cluster-autoscaler\"}}}",
                "version": "9.37.0"
              }
            ],
            "name": "autoscaler",
            "namespace": "kube-system",
            "pass_credentials": false,
            "postrender": [],
            "recreate_pods": false,
            "render_subchart_notes": true,
            "replace": false,
            "repository": "https://kubernetes.github.io/autoscaler",
            "repository_ca_file": null,
            "repository_cert_file": null,
            "repository_key_file": null,
            "repository_password": null,
            "repository_username": null,
            "reset_values": false,
            "reuse_values": false,
            "set": [
              {
                "name": "autoDiscovery.clusterName",
                "type": "",
                "value": "JCC2-staging-JCRS"
              },
              {
                "name": "awsRegion",
                "type": "",
                "value": "us-gov-west-1"
              },
              {
                "name": "rbac.serviceAccount.name",
                "type": "",
                "value": "cluster-autoscaler"
              }
            ],
            "set_list": [],
            "set_sensitive": [],
            "skip_crds": false,
            "status": "deployed",
            "timeout": 300,
            "upgrade_install": null,
            "values": null,
            "verify": false,
            "version": "9.37.0",
            "wait": true,
            "wait_for_jobs": false
          },
          "sensitive_attributes": [],
          "private": "eyJzY2hlbWFfdmVyc2lvbiI6IjEifQ==",
          "dependencies": [
            "aws_eks_cluster.eks",
            "aws_iam_role.eks",
            "aws_iam_role_policy_attachment.eks",
            "data.aws_security_group.selected",
            "data.aws_subnets.pub-subnet"
          ]
        }
      ]
    },
    {
      "mode": "managed",
      "type": "null_resource",
      "name": "kubectl",
      "provider": "provider[\"registry.terraform.io/hashicorp/null\"]",
      "instances": [
        {
          "schema_version": 0,
          "attributes": {
            "id": "7255409621120450897",
            "triggers": null
          },
          "sensitive_attributes": [],
          "dependencies": [
            "aws_eks_cluster.eks",
            "aws_iam_role.eks",
            "aws_iam_role_policy_attachment.eks",
            "data.aws_security_group.selected",
            "data.aws_subnets.pub-subnet"
          ]
        }
      ]
    }
  ],
  "check_results": null
}
