{
  "version": 4,
  "terraform_version": "1.5.7",
  "serial": 13,
  "lineage": "aa325305-66d0-4e97-f8bd-d39ba73e7fbc",
  "outputs": {},
  "resources": [
    {
      "mode": "data",
      "type": "external",
      "name": "aws_username",
      "provider": "provider[\"registry.terraform.io/hashicorp/external\"]",
      "instances": [
        {
          "schema_version": 0,
          "attributes": {
            "id": "-",
            "program": [
              "sh",
              "-c",
              "aws sts get-caller-identity --output text --query 'Arn' | cut -d\"/\" -f2 | tr . \" \" | jq -R -c '{name: .}'"
            ],
            "query": null,
            "result": {
              "name": "ecisneros"
            },
            "working_dir": null
          },
          "sensitive_attributes": []
        }
      ]
    },
    {
      "mode": "managed",
      "type": "aws_s3_bucket",
      "name": "terraform-state",
      "provider": "provider[\"registry.terraform.io/hashicorp/aws\"]",
      "instances": [
        {
          "schema_version": 0,
          "attributes": {
            "acceleration_status": "",
            "acl": null,
            "arn": "arn:aws-us-gov:s3:::us-gov-west-1-jcrs-e-eks-bucket",
            "bucket": "us-gov-west-1-jcrs-e-eks-bucket",
            "bucket_domain_name": "us-gov-west-1-jcrs-e-eks-bucket.s3.amazonaws.com",
            "bucket_prefix": "",
            "bucket_regional_domain_name": "us-gov-west-1-jcrs-e-eks-bucket.s3.us-gov-west-1.amazonaws.com",
            "cors_rule": [],
            "force_destroy": false,
            "grant": [
              {
                "id": "e110425fa5d883524db488e63f351da57969b9e5b84d929fdc2f80369da777d6",
                "permissions": [
                  "FULL_CONTROL"
                ],
                "type": "CanonicalUser",
                "uri": ""
              }
            ],
            "hosted_zone_id": "Z31GFT0UA1I2HV",
            "id": "us-gov-west-1-jcrs-e-eks-bucket",
            "lifecycle_rule": [],
            "logging": [],
            "object_lock_configuration": [],
            "object_lock_enabled": false,
            "policy": "",
            "region": "us-gov-west-1",
            "replication_configuration": [],
            "request_payer": "BucketOwner",
            "server_side_encryption_configuration": [
              {
                "rule": [
                  {
                    "apply_server_side_encryption_by_default": [
                      {
                        "kms_master_key_id": "",
                        "sse_algorithm": "AES256"
                      }
                    ],
                    "bucket_key_enabled": false
                  }
                ]
              }
            ],
            "tags": {
              "Creation_time": "2024-10-30T13:47:13Z",
              "Creator": "ecisneros",
              "Environment": "us-gov-west-1",
              "Name": "us-gov-west-1-locks_terraform_state"
            },
            "tags_all": {
              "Creation_time": "2024-10-30T13:47:13Z",
              "Creator": "ecisneros",
              "Environment": "us-gov-west-1",
              "Name": "us-gov-west-1-locks_terraform_state"
            },
            "timeouts": null,
            "versioning": [
              {
                "enabled": false,
                "mfa_delete": false
              }
            ],
            "website": [],
            "website_domain": null,
            "website_endpoint": null
          },
          "sensitive_attributes": [],
          "private": "eyJlMmJmYjczMC1lY2FhLTExZTYtOGY4OC0zNDM2M2JjN2M0YzAiOnsiY3JlYXRlIjoxMjAwMDAwMDAwMDAwLCJkZWxldGUiOjM2MDAwMDAwMDAwMDAsInJlYWQiOjEyMDAwMDAwMDAwMDAsInVwZGF0ZSI6MTIwMDAwMDAwMDAwMH19",
          "dependencies": [
            "data.external.aws_username",
            "time_static.JCRS-e-time"
          ]
        }
      ]
    },
    {
      "mode": "managed",
      "type": "time_static",
      "name": "JCRS-e-time",
      "provider": "provider[\"registry.terraform.io/hashicorp/time\"]",
      "instances": [
        {
          "schema_version": 0,
          "attributes": {
            "day": 30,
            "hour": 13,
            "id": "2024-10-30T13:47:13Z",
            "minute": 47,
            "month": 10,
            "rfc3339": "2024-10-30T13:47:13Z",
            "second": 13,
            "triggers": null,
            "unix": 1730296033,
            "year": 2024
          },
          "sensitive_attributes": []
        }
      ]
    }
  ],
  "check_results": null
}
