{
  "version": 4,
  "terraform_version": "1.5.7",
  "serial": 1574,
  "lineage": "01f64ed5-402f-4d9e-5a7d-6de438b0b1ab",
  "outputs": {
    "current_time": {
      "value": "2024-12-30T21:30:44Z",
      "type": "string"
    }
  },
  "resources": [
    {
      "mode": "data",
      "type": "aws_security_group",
      "name": "selected",
      "provider": "provider[\"registry.terraform.io/hashicorp/aws\"]",
      "instances": [
        {
          "schema_version": 0,
          "attributes": {
            "arn": "arn:aws-us-gov:ec2:us-gov-west-1:133242069230:security-group/sg-0748f2a5a98f9da02",
            "description": "Allows inbound web traffic from the MITRE Network.",
            "filter": [
              {
                "name": "tag:Name",
                "values": [
                  "*Generic MITRE Web *"
                ]
              }
            ],
            "id": "sg-0748f2a5a98f9da02",
            "name": "MITRE Web",
            "tags": {
              "Name": "Generic MITRE Web SG",
              "mitre:xcloud:protected": "",
              "mitre:xcloud:vpc-type": "Cloud-Only"
            },
            "timeouts": null,
            "vpc_id": "vpc-0b6b2a73a8ab960c4"
          },
          "sensitive_attributes": []
        }
      ]
    },
    {
      "mode": "data",
      "type": "aws_subnets",
      "name": "pub-subnet",
      "provider": "provider[\"registry.terraform.io/hashicorp/aws\"]",
      "instances": [
        {
          "schema_version": 0,
          "attributes": {
            "filter": [
              {
                "name": "tag:Name",
                "values": [
                  "*MITRE*"
                ]
              }
            ],
            "id": "us-gov-west-1",
            "ids": [
              "subnet-0ed9b8c9faa3ee615",
              "subnet-0dc1955e7e3cc0765",
              "subnet-002459587d6ec6703"
            ],
            "tags": null,
            "timeouts": null
          },
          "sensitive_attributes": []
        }
      ]
    },
    {
      "mode": "data",
      "type": "aws_vpc",
      "name": "main",
      "provider": "provider[\"registry.terraform.io/hashicorp/aws\"]",
      "instances": [
        {
          "schema_version": 0,
          "attributes": {
            "arn": "arn:aws-us-gov:ec2:us-gov-west-1:133242069230:vpc/vpc-0b6b2a73a8ab960c4",
            "cidr_block": "10.190.18.0/24",
            "cidr_block_associations": [
              {
                "association_id": "vpc-cidr-assoc-06a8558f10b7a0a81",
                "cidr_block": "10.190.18.0/24",
                "state": "associated"
              }
            ],
            "default": false,
            "dhcp_options_id": "dopt-0a6defa86381f9558",
            "enable_dns_hostnames": true,
            "enable_dns_support": true,
            "enable_network_address_usage_metrics": false,
            "filter": [
              {
                "name": "tag:Name",
                "values": [
                  "Generic VPC"
                ]
              }
            ],
            "id": "vpc-0b6b2a73a8ab960c4",
            "instance_tenancy": "default",
            "ipv6_association_id": "",
            "ipv6_cidr_block": "",
            "main_route_table_id": "rtb-0d541a907f28ee704",
            "owner_id": "133242069230",
            "state": null,
            "tags": {
              "Name": "Generic VPC",
              "Type": "Cloud-Only"
            },
            "timeouts": null
          },
          "sensitive_attributes": []
        }
      ]
    },
    {
      "mode": "data",
      "type": "external",
      "name": "aws_username",
      "provider": "provider[\"registry.terraform.io/hashicorp/external\"]",
      "instances": [
        {
          "schema_version": 0,
          "attributes": {
            "id": "-",
            "program": [
              "sh",
              "-c",
              "aws sts get-caller-identity --output text --query 'Arn' | cut -d\"/\" -f2 | tr . \" \" | jq -R -c '{name: .}'"
            ],
            "query": null,
            "result": {
              "name": "ecisneros"
            },
            "working_dir": null
          },
          "sensitive_attributes": []
        }
      ]
    },
    {
      "mode": "managed",
      "type": "aws_eks_cluster",
      "name": "eks",
      "provider": "provider[\"registry.terraform.io/hashicorp/aws\"]",
      "instances": [
        {
          "schema_version": 1,
          "attributes": {
            "access_config": [
              {
                "authentication_mode": "API",
                "bootstrap_cluster_creator_admin_permissions": true
              }
            ],
            "arn": "arn:aws-us-gov:eks:us-gov-west-1:133242069230:cluster/JCC2-Staging",
            "bootstrap_self_managed_addons": true,
            "certificate_authority": [
              {
                "data": "LS0tLS1CRUdJTiBDRVJUSUZJQ0FURS0tLS0tCk1JSURCVENDQWUyZ0F3SUJBZ0lJS2NJMHR2bDRCT2d3RFFZSktvWklodmNOQVFFTEJRQXdGVEVUTUJFR0ExVUUKQXhNS2EzVmlaWEp1WlhSbGN6QWVGdzB5TlRBeE1qRXlNRE0wTVROYUZ3MHpOVEF4TVRreU1ETTVNVE5hTUJVeApFekFSQmdOVkJBTVRDbXQxWW1WeWJtVjBaWE13Z2dFaU1BMEdDU3FHU0liM0RRRUJBUVVBQTRJQkR3QXdnZ0VLCkFvSUJBUUM4TVo1RDl2MlcxQXNWemNPNVdOMXZxblYxWEJKVHR2dVpyVHFsYk0yM2ErMHQ3Vmo2ZVpLdVV5U2MKcFB6T1ovZHI2eC9SNnljY21YK1lvWEVCQW10Sm85akdrdTZMcnlSL0FuK09ZYWhsbGFnOUtidlkzUWozNFA0YQpxR3RtUU01b0RLT0dPOVJISVQxUHk4RElxbkpvTTNqNmIyMEtxZEw2WWMxYklaeE91SGN0ZlhaTWpDczM1MnRpClUrS1BMMmZqZVByUWdna2o0bUs4S0hqUUVyUkZ1dTdNTmtENllzMjh6NzdvWWpUUERzekpnS0VEaERGa2xUdlIKQ1Y0ZjNhUnZ0SnBlbW9FWnVaK2FkSzArWHVxSHFIeG4yQlpLQlVrQjFxTzR0R3ZXZkxLREgrWTFIUkpSRENhVQpndWFxYWIycEFuSHdjU1FLNUJ2aWx3cm9YS00vQWdNQkFBR2pXVEJYTUE0R0ExVWREd0VCL3dRRUF3SUNwREFQCkJnTlZIUk1CQWY4RUJUQURBUUgvTUIwR0ExVWREZ1FXQkJUYmFJeDVJYzhxcVdCWXlGN0hXTFRQVmM2eUl6QVYKQmdOVkhSRUVEakFNZ2dwcmRXSmxjbTVsZEdWek1BMEdDU3FHU0liM0RRRUJDd1VBQTRJQkFRQmljRW9OelN6RAo3MTlodVJhYWRuYjl5bi9wMnpJZXVKUGlzMlRZVXowam81TFU5RG9CSElBaUdzSWJ5cG5GTDIrNWU4bU5aYUxjClBqR0FXbzR3UDZ3YkR5Tm1pTVJ1STQyQ2JmaHJoV1E0RjBRTGNqdVlobFF5dmg4U21uR21JaGo0cmIwekFRblMKRVdocytJNHRwRkM5THM4VEtyZmdnVVUxZlVKT1hUQ29kSm9pTnBub0F1N3pHM3JxTStHYVpUZmYzUDVWTHFwWgozbXFpL3N1UnczL1Z1KysvT0gxbC9pTlZ0OTB3c2dFM09lYW1NYUNvVUJhYlJZTUpEejJhMnNQYmdleEZJNENhCkExeFFmV0JheDZic1ZZVHhmdmM1L2RHNGx1bkl6dGxEcnRrdHBKSTBIZVhpOUIxY3krUWJkSEtoSWRNbWx6NkYKQXBxbm5sVjcyMmdhCi0tLS0tRU5EIENFUlRJRklDQVRFLS0tLS0K"
              }
            ],
            "cluster_id": null,
            "compute_config": [],
            "created_at": "2025-01-21T20:35:24Z",
            "enabled_cluster_log_types": [],
            "encryption_config": [],
            "endpoint": "https://907CE8CAA8295BC7BADB28784C20BD8B.yl4.us-gov-west-1.eks.amazonaws.com",
            "id": "JCC2-Staging",
            "identity": [
              {
                "oidc": [
                  {
                    "issuer": "https://oidc.eks.us-gov-west-1.amazonaws.com/id/907CE8CAA8295BC7BADB28784C20BD8B"
                  }
                ]
              }
            ],
            "kubernetes_network_config": [
              {
                "elastic_load_balancing": [],
                "ip_family": "ipv4",
                "service_ipv4_cidr": "172.20.0.0/16",
                "service_ipv6_cidr": ""
              }
            ],
            "name": "JCC2-Staging",
            "outpost_config": [],
            "platform_version": "eks.25",
            "remote_network_config": [],
            "role_arn": "arn:aws-us-gov:iam::133242069230:role/JCC2-Staging-eks-cluster",
            "status": "ACTIVE",
            "storage_config": [],
            "tags": {
              "Creation_time": "2024-12-30T21:30:44Z",
              "Creator": "ecisneros",
              "Name": "JCC2-Staging-eks-cluster"
            },
            "tags_all": {
              "Creation_time": "2024-12-30T21:30:44Z",
              "Creator": "ecisneros",
              "Name": "JCC2-Staging-eks-cluster"
            },
            "timeouts": null,
            "upgrade_policy": [
              {
                "support_type": "EXTENDED"
              }
            ],
            "version": "1.30",
            "vpc_config": [
              {
                "cluster_security_group_id": "sg-0ed677da4b4866986",
                "endpoint_private_access": false,
                "endpoint_public_access": true,
                "public_access_cidrs": [
                  "0.0.0.0/0"
                ],
                "security_group_ids": [
                  "sg-0748f2a5a98f9da02"
                ],
                "subnet_ids": [
                  "subnet-002459587d6ec6703",
                  "subnet-0dc1955e7e3cc0765",
                  "subnet-0ed9b8c9faa3ee615"
                ],
                "vpc_id": "vpc-0b6b2a73a8ab960c4"
              }
            ],
            "zonal_shift_config": []
          },
          "sensitive_attributes": [],
          "private": "eyJlMmJmYjczMC1lY2FhLTExZTYtOGY4OC0zNDM2M2JjN2M0YzAiOnsiY3JlYXRlIjoxODAwMDAwMDAwMDAwLCJkZWxldGUiOjkwMDAwMDAwMDAwMCwidXBkYXRlIjozNjAwMDAwMDAwMDAwfSwic2NoZW1hX3ZlcnNpb24iOiIxIn0=",
          "dependencies": [
            "aws_iam_role.eks",
            "aws_iam_role_policy_attachment.eks",
            "data.aws_security_group.selected",
            "data.aws_subnets.pub-subnet",
            "data.external.aws_username",
            "time_static.JCRS-e-time"
          ]
        }
      ]
    },
    {
      "mode": "managed",
      "type": "aws_eks_node_group",
      "name": "general",
      "provider": "provider[\"registry.terraform.io/hashicorp/aws\"]",
      "instances": [
        {
          "schema_version": 0,
          "attributes": {
            "ami_type": "AL2023_x86_64_STANDARD",
            "arn": "arn:aws-us-gov:eks:us-gov-west-1:133242069230:nodegroup/JCC2-Staging/JCC2-workers/08ca454e-6982-b28d-0599-b45e3e4ca374",
            "capacity_type": "ON_DEMAND",
            "cluster_name": "JCC2-Staging",
            "disk_size": 200,
            "force_update_version": null,
            "id": "JCC2-Staging:JCC2-workers",
            "instance_types": [
              "t2.large"
            ],
            "labels": {
              "role": "general"
            },
            "launch_template": [],
            "node_group_name": "JCC2-workers",
            "node_group_name_prefix": "",
            "node_repair_config": [],
            "node_role_arn": "arn:aws-us-gov:iam::133242069230:role/JCC2-Staging-eks-nodes",
            "release_version": "1.30.8-20250116",
            "remote_access": [
              {
                "ec2_ssh_key": "jcc2-eks",
                "source_security_group_ids": null
              }
            ],
            "resources": [
              {
                "autoscaling_groups": [
                  {
                    "name": "eks-JCC2-workers-08ca454e-6982-b28d-0599-b45e3e4ca374"
                  }
                ],
                "remote_access_security_group_id": "sg-0d5fe419e762e1b80"
              }
            ],
            "scaling_config": [
              {
                "desired_size": 1,
                "max_size": 10,
                "min_size": 0
              }
            ],
            "status": "ACTIVE",
            "subnet_ids": [
              "subnet-002459587d6ec6703",
              "subnet-0dc1955e7e3cc0765",
              "subnet-0ed9b8c9faa3ee615"
            ],
            "tags": {
              "Creator": "ecisneros"
            },
            "tags_all": {
              "Creator": "ecisneros"
            },
            "taint": [],
            "timeouts": null,
            "update_config": [
              {
                "max_unavailable": 1,
                "max_unavailable_percentage": 0
              }
            ],
            "version": "1.30"
          },
          "sensitive_attributes": [],
          "private": "eyJlMmJmYjczMC1lY2FhLTExZTYtOGY4OC0zNDM2M2JjN2M0YzAiOnsiY3JlYXRlIjozNjAwMDAwMDAwMDAwLCJkZWxldGUiOjM2MDAwMDAwMDAwMDAsInVwZGF0ZSI6MzYwMDAwMDAwMDAwMH19",
          "dependencies": [
            "aws_eks_cluster.eks",
            "aws_iam_role.nodes",
            "aws_iam_role_policy_attachment.amazon_ec2_container_registry_read_only",
            "aws_iam_role_policy_attachment.amazon_eks_cni_policy",
            "aws_iam_role_policy_attachment.amazon_eks_worker_node_policy",
            "data.aws_subnets.pub-subnet",
            "data.external.aws_username"
          ]
        }
      ]
    },
    {
      "mode": "managed",
      "type": "aws_iam_role",
      "name": "eks",
      "provider": "provider[\"registry.terraform.io/hashicorp/aws\"]",
      "instances": [
        {
          "schema_version": 0,
          "attributes": {
            "arn": "arn:aws-us-gov:iam::133242069230:role/JCC2-Staging-eks-cluster",
            "assume_role_policy": "{\"Statement\":[{\"Action\":\"sts:AssumeRole\",\"Effect\":\"Allow\",\"Principal\":{\"Service\":\"eks.amazonaws.com\"}}],\"Version\":\"2012-10-17\"}",
            "create_date": "2025-01-21T20:35:21Z",
            "description": "",
            "force_detach_policies": false,
            "id": "JCC2-Staging-eks-cluster",
            "inline_policy": [],
            "managed_policy_arns": [
              "arn:aws-us-gov:iam::aws:policy/AmazonEKSClusterPolicy"
            ],
            "max_session_duration": 3600,
            "name": "JCC2-Staging-eks-cluster",
            "name_prefix": "",
            "path": "/",
            "permissions_boundary": "",
            "tags": {},
            "tags_all": {},
            "unique_id": "AROAR6BOYUDXBOYRFK7F5"
          },
          "sensitive_attributes": [],
          "private": "bnVsbA=="
        }
      ]
    },
    {
      "mode": "managed",
      "type": "aws_iam_role",
      "name": "nodes",
      "provider": "provider[\"registry.terraform.io/hashicorp/aws\"]",
      "instances": [
        {
          "schema_version": 0,
          "attributes": {
            "arn": "arn:aws-us-gov:iam::133242069230:role/JCC2-Staging-eks-nodes",
            "assume_role_policy": "{\"Statement\":[{\"Action\":\"sts:AssumeRole\",\"Effect\":\"Allow\",\"Principal\":{\"Service\":\"ec2.amazonaws.com\"}}],\"Version\":\"2012-10-17\"}",
            "create_date": "2025-01-21T20:35:21Z",
            "description": "",
            "force_detach_policies": false,
            "id": "JCC2-Staging-eks-nodes",
            "inline_policy": [],
            "managed_policy_arns": [
              "arn:aws-us-gov:iam::aws:policy/AmazonEC2ContainerRegistryReadOnly",
              "arn:aws-us-gov:iam::aws:policy/AmazonEKSWorkerNodePolicy",
              "arn:aws-us-gov:iam::aws:policy/AmazonEKS_CNI_Policy"
            ],
            "max_session_duration": 3600,
            "name": "JCC2-Staging-eks-nodes",
            "name_prefix": "",
            "path": "/",
            "permissions_boundary": "",
            "tags": {},
            "tags_all": {},
            "unique_id": "AROAR6BOYUDXJFUNWMHY5"
          },
          "sensitive_attributes": [],
          "private": "bnVsbA=="
        }
      ]
    },
    {
      "mode": "managed",
      "type": "aws_iam_role_policy_attachment",
      "name": "amazon_ec2_container_registry_read_only",
      "provider": "provider[\"registry.terraform.io/hashicorp/aws\"]",
      "instances": [
        {
          "schema_version": 0,
          "attributes": {
            "id": "JCC2-Staging-eks-nodes-20250121203522155500000003",
            "policy_arn": "arn:aws-us-gov:iam::aws:policy/AmazonEC2ContainerRegistryReadOnly",
            "role": "JCC2-Staging-eks-nodes"
          },
          "sensitive_attributes": [],
          "private": "bnVsbA==",
          "dependencies": [
            "aws_iam_role.nodes"
          ]
        }
      ]
    },
    {
      "mode": "managed",
      "type": "aws_iam_role_policy_attachment",
      "name": "amazon_eks_cni_policy",
      "provider": "provider[\"registry.terraform.io/hashicorp/aws\"]",
      "instances": [
        {
          "schema_version": 0,
          "attributes": {
            "id": "JCC2-Staging-eks-nodes-20250121203522022100000001",
            "policy_arn": "arn:aws-us-gov:iam::aws:policy/AmazonEKS_CNI_Policy",
            "role": "JCC2-Staging-eks-nodes"
          },
          "sensitive_attributes": [],
          "private": "bnVsbA==",
          "dependencies": [
            "aws_iam_role.nodes"
          ]
        }
      ]
    },
    {
      "mode": "managed",
      "type": "aws_iam_role_policy_attachment",
      "name": "amazon_eks_worker_node_policy",
      "provider": "provider[\"registry.terraform.io/hashicorp/aws\"]",
      "instances": [
        {
          "schema_version": 0,
          "attributes": {
            "id": "JCC2-Staging-eks-nodes-20250121203522062200000002",
            "policy_arn": "arn:aws-us-gov:iam::aws:policy/AmazonEKSWorkerNodePolicy",
            "role": "JCC2-Staging-eks-nodes"
          },
          "sensitive_attributes": [],
          "private": "bnVsbA==",
          "dependencies": [
            "aws_iam_role.nodes"
          ]
        }
      ]
    },
    {
      "mode": "managed",
      "type": "aws_iam_role_policy_attachment",
      "name": "eks",
      "provider": "provider[\"registry.terraform.io/hashicorp/aws\"]",
      "instances": [
        {
          "schema_version": 0,
          "attributes": {
            "id": "JCC2-Staging-eks-cluster-20250121203522214500000004",
            "policy_arn": "arn:aws-us-gov:iam::aws:policy/AmazonEKSClusterPolicy",
            "role": "JCC2-Staging-eks-cluster"
          },
          "sensitive_attributes": [],
          "private": "bnVsbA==",
          "dependencies": [
            "aws_iam_role.eks"
          ]
        }
      ]
    },
    {
      "mode": "managed",
      "type": "time_static",
      "name": "JCRS-e-time",
      "provider": "provider[\"registry.terraform.io/hashicorp/time\"]",
      "instances": [
        {
          "schema_version": 0,
          "attributes": {
            "day": 30,
            "hour": 21,
            "id": "2024-12-30T21:30:44Z",
            "minute": 30,
            "month": 12,
            "rfc3339": "2024-12-30T21:30:44Z",
            "second": 44,
            "triggers": null,
            "unix": 1735594244,
            "year": 2024
          },
          "sensitive_attributes": []
        }
      ]
    }
  ],
  "check_results": null
}
